// !$*UTF8*$!
{
	archiveVersion = 1;
	classes = {
	};
	objectVersion = 46;
	objects = {

/* Begin PBXBuildFile section */
		10A4D78B1DC3E5D50087FDDB /* CurrentWeatherData.swift in Sources */ = {isa = PBXBuildFile; fileRef = 10A4D78A1DC3E5D50087FDDB /* CurrentWeatherData.swift */; };
		10A4D78D1DC3E83B0087FDDB /* Constants.swift in Sources */ = {isa = PBXBuildFile; fileRef = 10A4D78C1DC3E83B0087FDDB /* Constants.swift */; };
		10B9ABA01DBE626000497A1D /* AppDelegate.swift in Sources */ = {isa = PBXBuildFile; fileRef = 10B9AB9F1DBE626000497A1D /* AppDelegate.swift */; };
		10B9ABA21DBE626000497A1D /* ViewController.swift in Sources */ = {isa = PBXBuildFile; fileRef = 10B9ABA11DBE626000497A1D /* ViewController.swift */; };
		10B9ABA51DBE626000497A1D /* Main.storyboard in Resources */ = {isa = PBXBuildFile; fileRef = 10B9ABA31DBE626000497A1D /* Main.storyboard */; };
		10B9ABA71DBE626000497A1D /* Assets.xcassets in Resources */ = {isa = PBXBuildFile; fileRef = 10B9ABA61DBE626000497A1D /* Assets.xcassets */; };
		10B9ABAA1DBE626000497A1D /* LaunchScreen.storyboard in Resources */ = {isa = PBXBuildFile; fileRef = 10B9ABA81DBE626000497A1D /* LaunchScreen.storyboard */; };
		A7B720904454938F3E7B7BE0 /* Pods_Forecast.framework in Frameworks */ = {isa = PBXBuildFile; fileRef = 07223F05CC7D10D45739F1D3 /* Pods_Forecast.framework */; };
/* End PBXBuildFile section */

/* Begin PBXFileReference section */
		07223F05CC7D10D45739F1D3 /* Pods_Forecast.framework */ = {isa = PBXFileReference; explicitFileType = wrapper.framework; includeInIndex = 0; path = Pods_Forecast.framework; sourceTree = BUILT_PRODUCTS_DIR; };
		10A4D78A1DC3E5D50087FDDB /* CurrentWeatherData.swift */ = {isa = PBXFileReference; fileEncoding = 4; lastKnownFileType = sourcecode.swift; path = CurrentWeatherData.swift; sourceTree = "<group>"; };
		10A4D78C1DC3E83B0087FDDB /* Constants.swift */ = {isa = PBXFileReference; fileEncoding = 4; lastKnownFileType = sourcecode.swift; path = Constants.swift; sourceTree = "<group>"; };
		10B9AB9C1DBE626000497A1D /* Forecast.app */ = {isa = PBXFileReference; explicitFileType = wrapper.application; includeInIndex = 0; path = Forecast.app; sourceTree = BUILT_PRODUCTS_DIR; };
		10B9AB9F1DBE626000497A1D /* AppDelegate.swift */ = {isa = PBXFileReference; lastKnownFileType = sourcecode.swift; path = AppDelegate.swift; sourceTree = "<group>"; };
		10B9ABA11DBE626000497A1D /* ViewController.swift */ = {isa = PBXFileReference; lastKnownFileType = sourcecode.swift; path = ViewController.swift; sourceTree = "<group>"; };
		10B9ABA41DBE626000497A1D /* Base */ = {isa = PBXFileReference; lastKnownFileType = file.storyboard; name = Base; path = Base.lproj/Main.storyboard; sourceTree = "<group>"; };
		10B9ABA61DBE626000497A1D /* Assets.xcassets */ = {isa = PBXFileReference; lastKnownFileType = folder.assetcatalog; path = Assets.xcassets; sourceTree = "<group>"; };
		10B9ABA91DBE626000497A1D /* Base */ = {isa = PBXFileReference; lastKnownFileType = file.storyboard; name = Base; path = Base.lproj/LaunchScreen.storyboard; sourceTree = "<group>"; };
		10B9ABAB1DBE626000497A1D /* Info.plist */ = {isa = PBXFileReference; lastKnownFileType = text.plist.xml; path = Info.plist; sourceTree = "<group>"; };
		43C957345AD1F790EA6DC18E /* Pods-Forecast.release.xcconfig */ = {isa = PBXFileReference; includeInIndex = 1; lastKnownFileType = text.xcconfig; name = "Pods-Forecast.release.xcconfig"; path = "Pods/Target Support Files/Pods-Forecast/Pods-Forecast.release.xcconfig"; sourceTree = "<group>"; };
		BEDD9B5F697E7EBCB42C4063 /* Pods-Forecast.debug.xcconfig */ = {isa = PBXFileReference; includeInIndex = 1; lastKnownFileType = text.xcconfig; name = "Pods-Forecast.debug.xcconfig"; path = "Pods/Target Support Files/Pods-Forecast/Pods-Forecast.debug.xcconfig"; sourceTree = "<group>"; };
/* End PBXFileReference section */

/* Begin PBXFrameworksBuildPhase section */
		10B9AB991DBE626000497A1D /* Frameworks */ = {
			isa = PBXFrameworksBuildPhase;
			buildActionMask = 2147483647;
			files = (
				A7B720904454938F3E7B7BE0 /* Pods_Forecast.framework in Frameworks */,
			);
			runOnlyForDeploymentPostprocessing = 0;
		};
/* End PBXFrameworksBuildPhase section */

/* Begin PBXGroup section */
		10B577BD1DC877670005A101 /* Model */ = {
			isa = PBXGroup;
			children = (
				10A4D78A1DC3E5D50087FDDB /* CurrentWeatherData.swift */,
			);
			name = Model;
			sourceTree = "<group>";
		};
		10B577BE1DC877720005A101 /* View */ = {
			isa = PBXGroup;
			children = (
			);
			name = View;
			sourceTree = "<group>";
		};
		10B577BF1DC877770005A101 /* Controller */ = {
			isa = PBXGroup;
			children = (
				10B9ABA11DBE626000497A1D /* ViewController.swift */,
			);
			name = Controller;
			sourceTree = "<group>";
		};
		10B577C01DC877A70005A101 /* Helper */ = {
			isa = PBXGroup;
			children = (
				10A4D78C1DC3E83B0087FDDB /* Constants.swift */,
			);
			name = Helper;
			sourceTree = "<group>";
		};
		10B577C11DC877B50005A101 /* Extras */ = {
			isa = PBXGroup;
			children = (
				10B9AB9F1DBE626000497A1D /* AppDelegate.swift */,
				10B9ABA31DBE626000497A1D /* Main.storyboard */,
				10B9ABA81DBE626000497A1D /* LaunchScreen.storyboard */,
				10B9ABA61DBE626000497A1D /* Assets.xcassets */,
				10B9ABAB1DBE626000497A1D /* Info.plist */,
			);
			name = Extras;
			sourceTree = "<group>";
		};
		10B9AB931DBE626000497A1D = {
			isa = PBXGroup;
			children = (
				10B9AB9E1DBE626000497A1D /* Forecast */,
				10B9AB9D1DBE626000497A1D /* Products */,
				32D56EC90209C20F809A1CCA /* Pods */,
				F6762FE63CC447084FD15F73 /* Frameworks */,
			);
			sourceTree = "<group>";
		};
		10B9AB9D1DBE626000497A1D /* Products */ = {
			isa = PBXGroup;
			children = (
				10B9AB9C1DBE626000497A1D /* Forecast.app */,
			);
			name = Products;
			sourceTree = "<group>";
		};
		10B9AB9E1DBE626000497A1D /* Forecast */ = {
			isa = PBXGroup;
			children = (
				10B577BD1DC877670005A101 /* Model */,
				10B577BE1DC877720005A101 /* View */,
				10B577BF1DC877770005A101 /* Controller */,
				10B577C01DC877A70005A101 /* Helper */,
				10B577C11DC877B50005A101 /* Extras */,
			);
			path = Forecast;
			sourceTree = "<group>";
		};
		32D56EC90209C20F809A1CCA /* Pods */ = {
			isa = PBXGroup;
			children = (
				BEDD9B5F697E7EBCB42C4063 /* Pods-Forecast.debug.xcconfig */,
				43C957345AD1F790EA6DC18E /* Pods-Forecast.release.xcconfig */,
			);
			name = Pods;
			sourceTree = "<group>";
		};
		F6762FE63CC447084FD15F73 /* Frameworks */ = {
			isa = PBXGroup;
			children = (
				07223F05CC7D10D45739F1D3 /* Pods_Forecast.framework */,
			);
			name = Frameworks;
			sourceTree = "<group>";
		};
/* End PBXGroup section */

/* Begin PBXNativeTarget section */
		10B9AB9B1DBE626000497A1D /* Forecast */ = {
			isa = PBXNativeTarget;
			buildConfigurationList = 10B9ABAE1DBE626000497A1D /* Build configuration list for PBXNativeTarget "Forecast" */;
			buildPhases = (
				640397950F70C6466D4AE7F0 /* [CP] Check Pods Manifest.lock */,
				10B9AB981DBE626000497A1D /* Sources */,
				10B9AB991DBE626000497A1D /* Frameworks */,
				10B9AB9A1DBE626000497A1D /* Resources */,
				665AB155CCB76BD537EEC9EB /* [CP] Embed Pods Frameworks */,
				774A2F128F67CD5C6A4896CE /* [CP] Copy Pods Resources */,
			);
			buildRules = (
			);
			dependencies = (
			);
			name = Forecast;
			productName = Forecast;
			productReference = 10B9AB9C1DBE626000497A1D /* Forecast.app */;
			productType = "com.apple.product-type.application";
		};
/* End PBXNativeTarget section */

/* Begin PBXProject section */
		10B9AB941DBE626000497A1D /* Project object */ = {
			isa = PBXProject;
			attributes = {
				LastSwiftUpdateCheck = 0800;
				LastUpgradeCheck = 0800;
				ORGANIZATIONNAME = "Junkie Labs";
				TargetAttributes = {
					10B9AB9B1DBE626000497A1D = {
						CreatedOnToolsVersion = 8.0;
						DevelopmentTeam = ES5YG98Z24;
						ProvisioningStyle = Automatic;
					};
				};
			};
			buildConfigurationList = 10B9AB971DBE626000497A1D /* Build configuration list for PBXProject "Forecast" */;
			compatibilityVersion = "Xcode 3.2";
			developmentRegion = English;
			hasScannedForEncodings = 0;
			knownRegions = (
				en,
				Base,
			);
			mainGroup = 10B9AB931DBE626000497A1D;
			productRefGroup = 10B9AB9D1DBE626000497A1D /* Products */;
			projectDirPath = "";
			projectRoot = "";
			targets = (
				10B9AB9B1DBE626000497A1D /* Forecast */,
			);
		};
/* End PBXProject section */

/* Begin PBXResourcesBuildPhase section */
		10B9AB9A1DBE626000497A1D /* Resources */ = {
			isa = PBXResourcesBuildPhase;
			buildActionMask = 2147483647;
			files = (
				10B9ABAA1DBE626000497A1D /* LaunchScreen.storyboard in Resources */,
				10B9ABA71DBE626000497A1D /* Assets.xcassets in Resources */,
				10B9ABA51DBE626000497A1D /* Main.storyboard in Resources */,
			);
			runOnlyForDeploymentPostprocessing = 0;
		};
/* End PBXResourcesBuildPhase section */

/* Begin PBXShellScriptBuildPhase section */
		640397950F70C6466D4AE7F0 /* [CP] Check Pods Manifest.lock */ = {
			isa = PBXShellScriptBuildPhase;
			buildActionMask = 2147483647;
			files = (
			);
			inputPaths = (
			);
			name = "[CP] Check Pods Manifest.lock";
			outputPaths = (
			);
			runOnlyForDeploymentPostprocessing = 0;
			shellPath = /bin/sh;
			shellScript = "diff \"${PODS_ROOT}/../Podfile.lock\" \"${PODS_ROOT}/Manifest.lock\" > /dev/null\nif [ $? != 0 ] ; then\n    # print error to STDERR\n    echo \"error: The sandbox is not in sync with the Podfile.lock. Run 'pod install' or update your CocoaPods installation.\" >&2\n    exit 1\nfi\n";
			showEnvVarsInLog = 0;
		};
		665AB155CCB76BD537EEC9EB /* [CP] Embed Pods Frameworks */ = {
			isa = PBXShellScriptBuildPhase;
			buildActionMask = 2147483647;
			files = (
			);
			inputPaths = (
			);
			name = "[CP] Embed Pods Frameworks";
			outputPaths = (
			);
			runOnlyForDeploymentPostprocessing = 0;
			shellPath = /bin/sh;
			shellScript = "\"${SRCROOT}/Pods/Target Support Files/Pods-Forecast/Pods-Forecast-frameworks.sh\"\n";
			showEnvVarsInLog = 0;
		};
		774A2F128F67CD5C6A4896CE /* [CP] Copy Pods Resources */ = {
			isa = PBXShellScriptBuildPhase;
			buildActionMask = 2147483647;
			files = (
			);
			inputPaths = (
			);
			name = "[CP] Copy Pods Resources";
			outputPaths = (
			);
			runOnlyForDeploymentPostprocessing = 0;
			shellPath = /bin/sh;
			shellScript = "\"${SRCROOT}/Pods/Target Support Files/Pods-Forecast/Pods-Forecast-resources.sh\"\n";
			showEnvVarsInLog = 0;
		};
/* End PBXShellScriptBuildPhase section */

/* Begin PBXSourcesBuildPhase section */
		10B9AB981DBE626000497A1D /* Sources */ = {
			isa = PBXSourcesBuildPhase;
			buildActionMask = 2147483647;
			files = (
				10B9ABA21DBE626000497A1D /* ViewController.swift in Sources */,
				10A4D78B1DC3E5D50087FDDB /* CurrentWeatherData.swift in Sources */,
				10B9ABA01DBE626000497A1D /* AppDelegate.swift in Sources */,
				10A4D78D1DC3E83B0087FDDB /* Constants.swift in Sources */,
			);
			runOnlyForDeploymentPostprocessing = 0;
		};
/* End PBXSourcesBuildPhase section */

/* Begin PBXVariantGroup section */
		10B9ABA31DBE626000497A1D /* Main.storyboard */ = {
			isa = PBXVariantGroup;
			children = (
				10B9ABA41DBE626000497A1D /* Base */,
			);
			name = Main.storyboard;
			sourceTree = "<group>";
		};
		10B9ABA81DBE626000497A1D /* LaunchScreen.storyboard */ = {
			isa = PBXVariantGroup;
			children = (
				10B9ABA91DBE626000497A1D /* Base */,
			);
			name = LaunchScreen.storyboard;
			sourceTree = "<group>";
		};
/* End PBXVariantGroup section */

/* Begin XCBuildConfiguration section */
		10B9ABAC1DBE626000497A1D /* Debug */ = {
			isa = XCBuildConfiguration;
			buildSettings = {
				ALWAYS_SEARCH_USER_PATHS = NO;
				CLANG_ANALYZER_NONNULL = YES;
				CLANG_CXX_LANGUAGE_STANDARD = "gnu++0x";
				CLANG_CXX_LIBRARY = "libc++";
				CLANG_ENABLE_MODULES = YES;
				CLANG_ENABLE_OBJC_ARC = YES;
				CLANG_WARN_BOOL_CONVERSION = YES;
				CLANG_WARN_CONSTANT_CONVERSION = YES;
				CLANG_WARN_DIRECT_OBJC_ISA_USAGE = YES_ERROR;
				CLANG_WARN_DOCUMENTATION_COMMENTS = YES;
				CLANG_WARN_EMPTY_BODY = YES;
				CLANG_WARN_ENUM_CONVERSION = YES;
				CLANG_WARN_INFINITE_RECURSION = YES;
				CLANG_WARN_INT_CONVERSION = YES;
				CLANG_WARN_OBJC_ROOT_CLASS = YES_ERROR;
				CLANG_WARN_SUSPICIOUS_MOVE = YES;
				CLANG_WARN_SUSPICIOUS_MOVES = YES;
				CLANG_WARN_UNREACHABLE_CODE = YES;
				CLANG_WARN__DUPLICATE_METHOD_MATCH = YES;
				"CODE_SIGN_IDENTITY[sdk=iphoneos*]" = "iPhone Developer";
				COPY_PHASE_STRIP = NO;
				DEBUG_INFORMATION_FORMAT = dwarf;
				ENABLE_STRICT_OBJC_MSGSEND = YES;
				ENABLE_TESTABILITY = YES;
				GCC_C_LANGUAGE_STANDARD = gnu99;
				GCC_DYNAMIC_NO_PIC = NO;
				GCC_NO_COMMON_BLOCKS = YES;
				GCC_OPTIMIZATION_LEVEL = 0;
				GCC_PREPROCESSOR_DEFINITIONS = (
					"DEBUG=1",
					"$(inherited)",
				);
				GCC_WARN_64_TO_32_BIT_CONVERSION = YES;
				GCC_WARN_ABOUT_RETURN_TYPE = YES_ERROR;
				GCC_WARN_UNDECLARED_SELECTOR = YES;
				GCC_WARN_UNINITIALIZED_AUTOS = YES_AGGRESSIVE;
				GCC_WARN_UNUSED_FUNCTION = YES;
				GCC_WARN_UNUSED_VARIABLE = YES;
				IPHONEOS_DEPLOYMENT_TARGET = 10.0;
				MTL_ENABLE_DEBUG_INFO = YES;
				ONLY_ACTIVE_ARCH = YES;
				SDKROOT = iphoneos;
				SWIFT_ACTIVE_COMPILATION_CONDITIONS = DEBUG;
				SWIFT_OPTIMIZATION_LEVEL = "-Onone";
				TARGETED_DEVICE_FAMILY = "1,2";
			};
			name = Debug;
		};
		10B9ABAD1DBE626000497A1D /* Release */ = {
			isa = XCBuildConfiguration;
			buildSettings = {
				ALWAYS_SEARCH_USER_PATHS = NO;
				CLANG_ANALYZER_NONNULL = YES;
				CLANG_CXX_LANGUAGE_STANDARD = "gnu++0x";
				CLANG_CXX_LIBRARY = "libc++";
				CLANG_ENABLE_MODULES = YES;
				CLANG_ENABLE_OBJC_ARC = YES;
				CLANG_WARN_BOOL_CONVERSION = YES;
				CLANG_WARN_CONSTANT_CONVERSION = YES;
				CLANG_WARN_DIRECT_OBJC_ISA_USAGE = YES_ERROR;
				CLANG_WARN_DOCUMENTATION_COMMENTS = YES;
				CLANG_WARN_EMPTY_BODY = YES;
				CLANG_WARN_ENUM_CONVERSION = YES;
				CLANG_WARN_INFINITE_RECURSION = YES;
				CLANG_WARN_INT_CONVERSION = YES;
				CLANG_WARN_OBJC_ROOT_CLASS = YES_ERROR;
				CLANG_WARN_SUSPICIOUS_MOVE = YES;
				CLANG_WARN_SUSPICIOUS_MOVES = YES;
				CLANG_WARN_UNREACHABLE_CODE = YES;
				CLANG_WARN__DUPLICATE_METHOD_MATCH = YES;
				"CODE_SIGN_IDENTITY[sdk=iphoneos*]" = "iPhone Developer";
				COPY_PHASE_STRIP = NO;
				DEBUG_INFORMATION_FORMAT = "dwarf-with-dsym";
				ENABLE_NS_ASSERTIONS = NO;
				ENABLE_STRICT_OBJC_MSGSEND = YES;
				GCC_C_LANGUAGE_STANDARD = gnu99;
				GCC_NO_COMMON_BLOCKS = YES;
				GCC_WARN_64_TO_32_BIT_CONVERSION = YES;
				GCC_WARN_ABOUT_RETURN_TYPE = YES_ERROR;
				GCC_WARN_UNDECLARED_SELECTOR = YES;
				GCC_WARN_UNINITIALIZED_AUTOS = YES_AGGRESSIVE;
				GCC_WARN_UNUSED_FUNCTION = YES;
				GCC_WARN_UNUSED_VARIABLE = YES;
				IPHONEOS_DEPLOYMENT_TARGET = 10.0;
				MTL_ENABLE_DEBUG_INFO = NO;
				SDKROOT = iphoneos;
				SWIFT_OPTIMIZATION_LEVEL = "-Owholemodule";
				TARGETED_DEVICE_FAMILY = "1,2";
				VALIDATE_PRODUCT = YES;
			};
			name = Release;
		};
		10B9ABAF1DBE626000497A1D /* Debug */ = {
			isa = XCBuildConfiguration;
			baseConfigurationReference = BEDD9B5F697E7EBCB42C4063 /* Pods-Forecast.debug.xcconfig */;
			buildSettings = {
				ALWAYS_EMBED_SWIFT_STANDARD_LIBRARIES = YES;
				ASSETCATALOG_COMPILER_APPICON_NAME = AppIcon;
				DEVELOPMENT_TEAM = ES5YG98Z24;
				INFOPLIST_FILE = Forecast/Info.plist;
				LD_RUNPATH_SEARCH_PATHS = "$(inherited) @executable_path/Frameworks";
				PRODUCT_BUNDLE_IDENTIFIER = com.junkielabs.junkielab.Forecast;
				PRODUCT_NAME = "$(TARGET_NAME)";
				SWIFT_VERSION = 3.0;
			};
			name = Debug;
		};
		10B9ABB01DBE626000497A1D /* Release */ = {
			isa = XCBuildConfiguration;
			baseConfigurationReference = 43C957345AD1F790EA6DC18E /* Pods-Forecast.release.xcconfig */;
			buildSettings = {
				ALWAYS_EMBED_SWIFT_STANDARD_LIBRARIES = YES;
				ASSETCATALOG_COMPILER_APPICON_NAME = AppIcon;
				DEVELOPMENT_TEAM = ES5YG98Z24;
				INFOPLIST_FILE = Forecast/Info.plist;
				LD_RUNPATH_SEARCH_PATHS = "$(inherited) @executable_path/Frameworks";
				PRODUCT_BUNDLE_IDENTIFIER = com.junkielabs.junkielab.Forecast;
				PRODUCT_NAME = "$(TARGET_NAME)";
				SWIFT_VERSION = 3.0;
			};
			name = Release;
		};
/* End XCBuildConfiguration section */

/* Begin XCConfigurationList section */
		10B9AB971DBE626000497A1D /* Build configuration list for PBXProject "Forecast" */ = {
			isa = XCConfigurationList;
			buildConfigurations = (
				10B9ABAC1DBE626000497A1D /* Debug */,
				10B9ABAD1DBE626000497A1D /* Release */,
			);
			defaultConfigurationIsVisible = 0;
			defaultConfigurationName = Release;
		};
		10B9ABAE1DBE626000497A1D /* Build configuration list for PBXNativeTarget "Forecast" */ = {
			isa = XCConfigurationList;
			buildConfigurations = (
				10B9ABAF1DBE626000497A1D /* Debug */,
				10B9ABB01DBE626000497A1D /* Release */,
			);
			defaultConfigurationIsVisible = 0;
			defaultConfigurationName = Release;
		};
/* End XCConfigurationList section */
	};
	rootObject = 10B9AB941DBE626000497A1D /* Project object */;
}
